
Microsoft Visual Studio Solution File, Format Version 12.00
# Visual Studio Version 16
VisualStudioVersion = 16.0.28803.202
MinimumVisualStudioVersion = 10.0.40219.1
Project("{FAE04EC0-301F-11D3-BF4B-00C04F79EFBC}") = "http-pack", "src\http-pack.csproj", "{2B0316B3-0564-427E-A0BB-F77E62B3CCC9}"
EndProject
Project("{FAE04EC0-301F-11D3-BF4B-00C04F79EFBC}") = "example", "example\example.csproj", "{620B244F-6903-4FC3-BAC4-7DE4D85F83DD}"
EndProject
Global
	GlobalSection(SolutionConfigurationPlatforms) = preSolution
		Debug|Any CPU = Debug|Any CPU
		Release|Any CPU = Release|Any CPU
	EndGlobalSection
	GlobalSection(ProjectConfigurationPlatforms) = postSolution
		{2B0316B3-0564-427E-A0BB-F77E62B3CCC9}.Debug|Any CPU.ActiveCfg = Debug|Any CPU
		{2B0316B3-0564-427E-A0BB-F77E62B3CCC9}.Debug|Any CPU.Build.0 = Debug|Any CPU
		{2B0316B3-0564-427E-A0BB-F77E62B3CCC9}.Release|Any CPU.ActiveCfg = Release|Any CPU
		{2B0316B3-0564-427E-A0BB-F77E62B3CCC9}.Release|Any CPU.Build.0 = Release|Any CPU
		{620B244F-6903-4FC3-BAC4-7DE4D85F83DD}.Debug|Any CPU.ActiveCfg = Debug|Any CPU
		{620B244F-6903-4FC3-BAC4-7DE4D85F83DD}.Debug|Any CPU.Build.0 = Debug|Any CPU
		{620B244F-6903-4FC3-BAC4-7DE4D85F83DD}.Release|Any CPU.ActiveCfg = Release|Any CPU
		{620B244F-6903-4FC3-BAC4-7DE4D85F83DD}.Release|Any CPU.Build.0 = Release|Any CPU
	EndGlobalSection
	GlobalSection(SolutionProperties) = preSolution
		HideSolutionNode = FALSE
	EndGlobalSection
	GlobalSection(ExtensibilityGlobals) = postSolution
		SolutionGuid = {85689C2A-A9EE-48B9-9B1C-64774129092F}
	EndGlobalSection
EndGlobal
